
Microsoft Visual Studio Solution File, Format Version 12.00
# Visual Studio Version 16
VisualStudioVersion = 16.0.29519.87
MinimumVisualStudioVersion = 10.0.40219.1
Project("{FAE04EC0-301F-11D3-BF4B-00C04F79EFBC}") = "WebQLXeMay", "WebQLXeMay.csproj", "{56A858D8-8A84-44ED-99AA-72BCD7BECDB6}"
EndProject
Global
	GlobalSection(SolutionConfigurationPlatforms) = preSolution
		Debug|Any CPU = Debug|Any CPU
		Release|Any CPU = Release|Any CPU
	EndGlobalSection
	GlobalSection(ProjectConfigurationPlatforms) = postSolution
		{56A858D8-8A84-44ED-99AA-72BCD7BECDB6}.Debug|Any CPU.ActiveCfg = Debug|Any CPU
		{56A858D8-8A84-44ED-99AA-72BCD7BECDB6}.Debug|Any CPU.Build.0 = Debug|Any CPU
		{56A858D8-8A84-44ED-99AA-72BCD7BECDB6}.Release|Any CPU.ActiveCfg = Release|Any CPU
		{56A858D8-8A84-44ED-99AA-72BCD7BECDB6}.Release|Any CPU.Build.0 = Release|Any CPU
	EndGlobalSection
	GlobalSection(SolutionProperties) = preSolution
		HideSolutionNode = FALSE
	EndGlobalSection
	GlobalSection(ExtensibilityGlobals) = postSolution
		SolutionGuid = {DB5B6E4F-95E8-4409-BCFF-5B8FA73354D2}
	EndGlobalSection
EndGlobal
